
Microsoft Visual Studio Solution File, Format Version 12.00
# Visual Studio Version 16
VisualStudioVersion = 16.0.31702.278
MinimumVisualStudioVersion = 10.0.40219.1
Project("{FAE04EC0-301F-11D3-BF4B-00C04F79EFBC}") = "epaycoTest", "epaycoTest.csproj", "{A610C3C5-71DA-45CA-93C4-D6D19E0B196B}"
EndProject
Global
	GlobalSection(SolutionConfigurationPlatforms) = preSolution
		Debug|Any CPU = Debug|Any CPU
		Release|Any CPU = Release|Any CPU
	EndGlobalSection
	GlobalSection(ProjectConfigurationPlatforms) = postSolution
		{A610C3C5-71DA-45CA-93C4-D6D19E0B196B}.Debug|Any CPU.ActiveCfg = Debug|Any CPU
		{A610C3C5-71DA-45CA-93C4-D6D19E0B196B}.Debug|Any CPU.Build.0 = Debug|Any CPU
		{A610C3C5-71DA-45CA-93C4-D6D19E0B196B}.Release|Any CPU.ActiveCfg = Release|Any CPU
		{A610C3C5-71DA-45CA-93C4-D6D19E0B196B}.Release|Any CPU.Build.0 = Release|Any CPU
	EndGlobalSection
	GlobalSection(SolutionProperties) = preSolution
		HideSolutionNode = FALSE
	EndGlobalSection
	GlobalSection(ExtensibilityGlobals) = postSolution
		SolutionGuid = {D003D444-0F52-4E03-B562-A8C45A0FFA5B}
	EndGlobalSection
EndGlobal
